// !$*UTF8*$!
{
	archiveVersion = 1;
	classes = {
	};
	objectVersion = 56;
	objects = {

/* Begin PBXBuildFile section */
		EB6923972AB9268F0027143D /* AppDelegate.swift in Sources */ = {isa = PBXBuildFile; fileRef = EB6923962AB9268F0027143D /* AppDelegate.swift */; };
		EB6923992AB9268F0027143D /* SceneDelegate.swift in Sources */ = {isa = PBXBuildFile; fileRef = EB6923982AB9268F0027143D /* SceneDelegate.swift */; };
		EB69239B2AB926900027143D /* ViewController.swift in Sources */ = {isa = PBXBuildFile; fileRef = EB69239A2AB926900027143D /* ViewController.swift */; };
		EB6923A12AB926900027143D /* MyProfile.xcdatamodeld in Sources */ = {isa = PBXBuildFile; fileRef = EB69239F2AB926900027143D /* MyProfile.xcdatamodeld */; };
		EB6923A32AB926910027143D /* Assets.xcassets in Resources */ = {isa = PBXBuildFile; fileRef = EB6923A22AB926910027143D /* Assets.xcassets */; };
		EB6923A62AB926910027143D /* LaunchScreen.storyboard in Resources */ = {isa = PBXBuildFile; fileRef = EB6923A42AB926910027143D /* LaunchScreen.storyboard */; };
		EB6923B22AB927160027143D /* ProfileView.swift in Sources */ = {isa = PBXBuildFile; fileRef = EB6923B12AB927160027143D /* ProfileView.swift */; };
		EB6923B52AB939880027143D /* ProfileViewController.swift in Sources */ = {isa = PBXBuildFile; fileRef = EB6923B42AB939880027143D /* ProfileViewController.swift */; };
		EB6923B82AB948FF0027143D /* Readme.md in Resources */ = {isa = PBXBuildFile; fileRef = EB6923B72AB948FF0027143D /* Readme.md */; };
		EB6923BA2ABABAF40027143D /* GalleryCollectionViewCell.swift in Sources */ = {isa = PBXBuildFile; fileRef = EB6923B92ABABAF40027143D /* GalleryCollectionViewCell.swift */; };
		EB6923BD2ABB15F60027143D /* Color.swift in Sources */ = {isa = PBXBuildFile; fileRef = EB6923BC2ABB15F60027143D /* Color.swift */; };
/* End PBXBuildFile section */

/* Begin PBXFileReference section */
		EB6923932AB9268F0027143D /* MyProfile.app */ = {isa = PBXFileReference; explicitFileType = wrapper.application; includeInIndex = 0; path = MyProfile.app; sourceTree = BUILT_PRODUCTS_DIR; };
		EB6923962AB9268F0027143D /* AppDelegate.swift */ = {isa = PBXFileReference; lastKnownFileType = sourcecode.swift; path = AppDelegate.swift; sourceTree = "<group>"; };
		EB6923982AB9268F0027143D /* SceneDelegate.swift */ = {isa = PBXFileReference; lastKnownFileType = sourcecode.swift; path = SceneDelegate.swift; sourceTree = "<group>"; };
		EB69239A2AB926900027143D /* ViewController.swift */ = {isa = PBXFileReference; lastKnownFileType = sourcecode.swift; path = ViewController.swift; sourceTree = "<group>"; };
		EB6923A02AB926900027143D /* MyProfile.xcdatamodel */ = {isa = PBXFileReference; lastKnownFileType = wrapper.xcdatamodel; path = MyProfile.xcdatamodel; sourceTree = "<group>"; };
		EB6923A22AB926910027143D /* Assets.xcassets */ = {isa = PBXFileReference; lastKnownFileType = folder.assetcatalog; path = Assets.xcassets; sourceTree = "<group>"; };
		EB6923A52AB926910027143D /* Base */ = {isa = PBXFileReference; lastKnownFileType = file.storyboard; name = Base; path = Base.lproj/LaunchScreen.storyboard; sourceTree = "<group>"; };
		EB6923A72AB926910027143D /* Info.plist */ = {isa = PBXFileReference; lastKnownFileType = text.plist.xml; path = Info.plist; sourceTree = "<group>"; };
		EB6923B12AB927160027143D /* ProfileView.swift */ = {isa = PBXFileReference; lastKnownFileType = sourcecode.swift; path = ProfileView.swift; sourceTree = "<group>"; };
		EB6923B42AB939880027143D /* ProfileViewController.swift */ = {isa = PBXFileReference; lastKnownFileType = sourcecode.swift; path = ProfileViewController.swift; sourceTree = "<group>"; };
		EB6923B72AB948FF0027143D /* Readme.md */ = {isa = PBXFileReference; lastKnownFileType = net.daringfireball.markdown; path = Readme.md; sourceTree = "<group>"; };
		EB6923B92ABABAF40027143D /* GalleryCollectionViewCell.swift */ = {isa = PBXFileReference; lastKnownFileType = sourcecode.swift; path = GalleryCollectionViewCell.swift; sourceTree = "<group>"; };
		EB6923BC2ABB15F60027143D /* Color.swift */ = {isa = PBXFileReference; lastKnownFileType = sourcecode.swift; path = Color.swift; sourceTree = "<group>"; };
/* End PBXFileReference section */

/* Begin PBXFrameworksBuildPhase section */
		EB6923902AB9268F0027143D /* Frameworks */ = {
			isa = PBXFrameworksBuildPhase;
			buildActionMask = 2147483647;
			files = (
			);
			runOnlyForDeploymentPostprocessing = 0;
		};
/* End PBXFrameworksBuildPhase section */

/* Begin PBXGroup section */
		EB69238A2AB9268F0027143D = {
			isa = PBXGroup;
			children = (
				EB6923952AB9268F0027143D /* MyProfile */,
				EB6923942AB9268F0027143D /* Products */,
			);
			sourceTree = "<group>";
		};
		EB6923942AB9268F0027143D /* Products */ = {
			isa = PBXGroup;
			children = (
				EB6923932AB9268F0027143D /* MyProfile.app */,
			);
			name = Products;
			sourceTree = "<group>";
		};
		EB6923952AB9268F0027143D /* MyProfile */ = {
			isa = PBXGroup;
			children = (
				EB6923B62AB940520027143D /* Helpers */,
				EB6923B02AB927090027143D /* Model */,
				EB6923AD2AB926E40027143D /* ViewModels */,
				EB6923AE2AB926F40027143D /* Views */,
				EB6923B32AB939640027143D /* Controllers */,
				EB69239A2AB926900027143D /* ViewController.swift */,
				EB6923A22AB926910027143D /* Assets.xcassets */,
				EB6923A42AB926910027143D /* LaunchScreen.storyboard */,
				EB6923A72AB926910027143D /* Info.plist */,
				EB69239F2AB926900027143D /* MyProfile.xcdatamodeld */,
				EB6923B72AB948FF0027143D /* Readme.md */,
			);
			path = MyProfile;
			sourceTree = "<group>";
		};
		EB6923AD2AB926E40027143D /* ViewModels */ = {
			isa = PBXGroup;
			children = (
			);
			path = ViewModels;
			sourceTree = "<group>";
		};
		EB6923AE2AB926F40027143D /* Views */ = {
			isa = PBXGroup;
			children = (
				EB6923B12AB927160027143D /* ProfileView.swift */,
			);
			path = Views;
			sourceTree = "<group>";
		};
		EB6923B02AB927090027143D /* Model */ = {
			isa = PBXGroup;
			children = (
				EB6923BC2ABB15F60027143D /* Color.swift */,
			);
			path = Model;
			sourceTree = "<group>";
		};
		EB6923B32AB939640027143D /* Controllers */ = {
			isa = PBXGroup;
			children = (
				EB6923BB2ABB02110027143D /* Cell */,
				EB6923B42AB939880027143D /* ProfileViewController.swift */,
			);
			path = Controllers;
			sourceTree = "<group>";
		};
		EB6923B62AB940520027143D /* Helpers */ = {
			isa = PBXGroup;
			children = (
				EB6923962AB9268F0027143D /* AppDelegate.swift */,
				EB6923982AB9268F0027143D /* SceneDelegate.swift */,
			);
			path = Helpers;
			sourceTree = "<group>";
		};
		EB6923BB2ABB02110027143D /* Cell */ = {
			isa = PBXGroup;
			children = (
				EB6923B92ABABAF40027143D /* GalleryCollectionViewCell.swift */,
			);
			path = Cell;
			sourceTree = "<group>";
		};
/* End PBXGroup section */

/* Begin PBXNativeTarget section */
		EB6923922AB9268F0027143D /* MyProfile */ = {
			isa = PBXNativeTarget;
			buildConfigurationList = EB6923AA2AB926910027143D /* Build configuration list for PBXNativeTarget "MyProfile" */;
			buildPhases = (
				EB69238F2AB9268F0027143D /* Sources */,
				EB6923902AB9268F0027143D /* Frameworks */,
				EB6923912AB9268F0027143D /* Resources */,
			);
			buildRules = (
			);
			dependencies = (
			);
			name = MyProfile;
			productName = MyProfile;
			productReference = EB6923932AB9268F0027143D /* MyProfile.app */;
			productType = "com.apple.product-type.application";
		};
/* End PBXNativeTarget section */

/* Begin PBXProject section */
		EB69238B2AB9268F0027143D /* Project object */ = {
			isa = PBXProject;
			attributes = {
				BuildIndependentTargetsInParallel = 1;
				LastSwiftUpdateCheck = 1430;
				LastUpgradeCheck = 1430;
				TargetAttributes = {
					EB6923922AB9268F0027143D = {
						CreatedOnToolsVersion = 14.3.1;
					};
				};
			};
			buildConfigurationList = EB69238E2AB9268F0027143D /* Build configuration list for PBXProject "MyProfile" */;
			compatibilityVersion = "Xcode 14.0";
			developmentRegion = en;
			hasScannedForEncodings = 0;
			knownRegions = (
				en,
				Base,
			);
			mainGroup = EB69238A2AB9268F0027143D;
			productRefGroup = EB6923942AB9268F0027143D /* Products */;
			projectDirPath = "";
			projectRoot = "";
			targets = (
				EB6923922AB9268F0027143D /* MyProfile */,
			);
		};
/* End PBXProject section */

/* Begin PBXResourcesBuildPhase section */
		EB6923912AB9268F0027143D /* Resources */ = {
			isa = PBXResourcesBuildPhase;
			buildActionMask = 2147483647;
			files = (
				EB6923A62AB926910027143D /* LaunchScreen.storyboard in Resources */,
				EB6923A32AB926910027143D /* Assets.xcassets in Resources */,
				EB6923B82AB948FF0027143D /* Readme.md in Resources */,
			);
			runOnlyForDeploymentPostprocessing = 0;
		};
/* End PBXResourcesBuildPhase section */

/* Begin PBXSourcesBuildPhase section */
		EB69238F2AB9268F0027143D /* Sources */ = {
			isa = PBXSourcesBuildPhase;
			buildActionMask = 2147483647;
			files = (
				EB6923B52AB939880027143D /* ProfileViewController.swift in Sources */,
				EB69239B2AB926900027143D /* ViewController.swift in Sources */,
				EB6923A12AB926900027143D /* MyProfile.xcdatamodeld in Sources */,
				EB6923B22AB927160027143D /* ProfileView.swift in Sources */,
				EB6923972AB9268F0027143D /* AppDelegate.swift in Sources */,
				EB6923BD2ABB15F60027143D /* Color.swift in Sources */,
				EB6923BA2ABABAF40027143D /* GalleryCollectionViewCell.swift in Sources */,
				EB6923992AB9268F0027143D /* SceneDelegate.swift in Sources */,
			);
			runOnlyForDeploymentPostprocessing = 0;
		};
/* End PBXSourcesBuildPhase section */

/* Begin PBXVariantGroup section */
		EB6923A42AB926910027143D /* LaunchScreen.storyboard */ = {
			isa = PBXVariantGroup;
			children = (
				EB6923A52AB926910027143D /* Base */,
			);
			name = LaunchScreen.storyboard;
			sourceTree = "<group>";
		};
/* End PBXVariantGroup section */

/* Begin XCBuildConfiguration section */
		EB6923A82AB926910027143D /* Debug */ = {
			isa = XCBuildConfiguration;
			buildSettings = {
				ALWAYS_SEARCH_USER_PATHS = NO;
				CLANG_ANALYZER_NONNULL = YES;
				CLANG_ANALYZER_NUMBER_OBJECT_CONVERSION = YES_AGGRESSIVE;
				CLANG_CXX_LANGUAGE_STANDARD = "gnu++20";
				CLANG_ENABLE_MODULES = YES;
				CLANG_ENABLE_OBJC_ARC = YES;
				CLANG_ENABLE_OBJC_WEAK = YES;
				CLANG_WARN_BLOCK_CAPTURE_AUTORELEASING = YES;
				CLANG_WARN_BOOL_CONVERSION = YES;
				CLANG_WARN_COMMA = YES;
				CLANG_WARN_CONSTANT_CONVERSION = YES;
				CLANG_WARN_DEPRECATED_OBJC_IMPLEMENTATIONS = YES;
				CLANG_WARN_DIRECT_OBJC_ISA_USAGE = YES_ERROR;
				CLANG_WARN_DOCUMENTATION_COMMENTS = YES;
				CLANG_WARN_EMPTY_BODY = YES;
				CLANG_WARN_ENUM_CONVERSION = YES;
				CLANG_WARN_INFINITE_RECURSION = YES;
				CLANG_WARN_INT_CONVERSION = YES;
				CLANG_WARN_NON_LITERAL_NULL_CONVERSION = YES;
				CLANG_WARN_OBJC_IMPLICIT_RETAIN_SELF = YES;
				CLANG_WARN_OBJC_LITERAL_CONVERSION = YES;
				CLANG_WARN_OBJC_ROOT_CLASS = YES_ERROR;
				CLANG_WARN_QUOTED_INCLUDE_IN_FRAMEWORK_HEADER = YES;
				CLANG_WARN_RANGE_LOOP_ANALYSIS = YES;
				CLANG_WARN_STRICT_PROTOTYPES = YES;
				CLANG_WARN_SUSPICIOUS_MOVE = YES;
				CLANG_WARN_UNGUARDED_AVAILABILITY = YES_AGGRESSIVE;
				CLANG_WARN_UNREACHABLE_CODE = YES;
				CLANG_WARN__DUPLICATE_METHOD_MATCH = YES;
				COPY_PHASE_STRIP = NO;
				DEBUG_INFORMATION_FORMAT = dwarf;
				ENABLE_STRICT_OBJC_MSGSEND = YES;
				ENABLE_TESTABILITY = YES;
				GCC_C_LANGUAGE_STANDARD = gnu11;
				GCC_DYNAMIC_NO_PIC = NO;
				GCC_NO_COMMON_BLOCKS = YES;
				GCC_OPTIMIZATION_LEVEL = 0;
				GCC_PREPROCESSOR_DEFINITIONS = (
					"DEBUG=1",
					"$(inherited)",
				);
				GCC_WARN_64_TO_32_BIT_CONVERSION = YES;
				GCC_WARN_ABOUT_RETURN_TYPE = YES_ERROR;
				GCC_WARN_UNDECLARED_SELECTOR = YES;
				GCC_WARN_UNINITIALIZED_AUTOS = YES_AGGRESSIVE;
				GCC_WARN_UNUSED_FUNCTION = YES;
				GCC_WARN_UNUSED_VARIABLE = YES;
				IPHONEOS_DEPLOYMENT_TARGET = 16.4;
				MTL_ENABLE_DEBUG_INFO = INCLUDE_SOURCE;
				MTL_FAST_MATH = YES;
				ONLY_ACTIVE_ARCH = YES;
				SDKROOT = iphoneos;
				SWIFT_ACTIVE_COMPILATION_CONDITIONS = DEBUG;
				SWIFT_OPTIMIZATION_LEVEL = "-Onone";
			};
			name = Debug;
		};
		EB6923A92AB926910027143D /* Release */ = {
			isa = XCBuildConfiguration;
			buildSettings = {
				ALWAYS_SEARCH_USER_PATHS = NO;
				CLANG_ANALYZER_NONNULL = YES;
				CLANG_ANALYZER_NUMBER_OBJECT_CONVERSION = YES_AGGRESSIVE;
				CLANG_CXX_LANGUAGE_STANDARD = "gnu++20";
				CLANG_ENABLE_MODULES = YES;
				CLANG_ENABLE_OBJC_ARC = YES;
				CLANG_ENABLE_OBJC_WEAK = YES;
				CLANG_WARN_BLOCK_CAPTURE_AUTORELEASING = YES;
				CLANG_WARN_BOOL_CONVERSION = YES;
				CLANG_WARN_COMMA = YES;
				CLANG_WARN_CONSTANT_CONVERSION = YES;
				CLANG_WARN_DEPRECATED_OBJC_IMPLEMENTATIONS = YES;
				CLANG_WARN_DIRECT_OBJC_ISA_USAGE = YES_ERROR;
				CLANG_WARN_DOCUMENTATION_COMMENTS = YES;
				CLANG_WARN_EMPTY_BODY = YES;
				CLANG_WARN_ENUM_CONVERSION = YES;
				CLANG_WARN_INFINITE_RECURSION = YES;
				CLANG_WARN_INT_CONVERSION = YES;
				CLANG_WARN_NON_LITERAL_NULL_CONVERSION = YES;
				CLANG_WARN_OBJC_IMPLICIT_RETAIN_SELF = YES;
				CLANG_WARN_OBJC_LITERAL_CONVERSION = YES;
				CLANG_WARN_OBJC_ROOT_CLASS = YES_ERROR;
				CLANG_WARN_QUOTED_INCLUDE_IN_FRAMEWORK_HEADER = YES;
				CLANG_WARN_RANGE_LOOP_ANALYSIS = YES;
				CLANG_WARN_STRICT_PROTOTYPES = YES;
				CLANG_WARN_SUSPICIOUS_MOVE = YES;
				CLANG_WARN_UNGUARDED_AVAILABILITY = YES_AGGRESSIVE;
				CLANG_WARN_UNREACHABLE_CODE = YES;
				CLANG_WARN__DUPLICATE_METHOD_MATCH = YES;
				COPY_PHASE_STRIP = NO;
				DEBUG_INFORMATION_FORMAT = "dwarf-with-dsym";
				ENABLE_NS_ASSERTIONS = NO;
				ENABLE_STRICT_OBJC_MSGSEND = YES;
				GCC_C_LANGUAGE_STANDARD = gnu11;
				GCC_NO_COMMON_BLOCKS = YES;
				GCC_WARN_64_TO_32_BIT_CONVERSION = YES;
				GCC_WARN_ABOUT_RETURN_TYPE = YES_ERROR;
				GCC_WARN_UNDECLARED_SELECTOR = YES;
				GCC_WARN_UNINITIALIZED_AUTOS = YES_AGGRESSIVE;
				GCC_WARN_UNUSED_FUNCTION = YES;
				GCC_WARN_UNUSED_VARIABLE = YES;
				IPHONEOS_DEPLOYMENT_TARGET = 16.4;
				MTL_ENABLE_DEBUG_INFO = NO;
				MTL_FAST_MATH = YES;
				SDKROOT = iphoneos;
				SWIFT_COMPILATION_MODE = wholemodule;
				SWIFT_OPTIMIZATION_LEVEL = "-O";
				VALIDATE_PRODUCT = YES;
			};
			name = Release;
		};
		EB6923AB2AB926910027143D /* Debug */ = {
			isa = XCBuildConfiguration;
			buildSettings = {
				ASSETCATALOG_COMPILER_APPICON_NAME = AppIcon;
				ASSETCATALOG_COMPILER_GLOBAL_ACCENT_COLOR_NAME = AccentColor;
				CODE_SIGN_STYLE = Automatic;
				CURRENT_PROJECT_VERSION = 1;
				GENERATE_INFOPLIST_FILE = YES;
				INFOPLIST_FILE = MyProfile/Info.plist;
				INFOPLIST_KEY_UIApplicationSupportsIndirectInputEvents = YES;
				INFOPLIST_KEY_UILaunchStoryboardName = LaunchScreen;
				INFOPLIST_KEY_UISupportedInterfaceOrientations_iPad = "UIInterfaceOrientationPortrait UIInterfaceOrientationPortraitUpsideDown UIInterfaceOrientationLandscapeLeft UIInterfaceOrientationLandscapeRight";
				INFOPLIST_KEY_UISupportedInterfaceOrientations_iPhone = "UIInterfaceOrientationPortrait UIInterfaceOrientationLandscapeLeft UIInterfaceOrientationLandscapeRight";
				LD_RUNPATH_SEARCH_PATHS = (
					"$(inherited)",
					"@executable_path/Frameworks",
				);
				MARKETING_VERSION = 1.0;
				PRODUCT_BUNDLE_IDENTIFIER = zero.MyProfile;
				PRODUCT_NAME = "$(TARGET_NAME)";
				SWIFT_EMIT_LOC_STRINGS = YES;
				SWIFT_VERSION = 5.0;
				TARGETED_DEVICE_FAMILY = "1,2";
			};
			name = Debug;
		};
		EB6923AC2AB926910027143D /* Release */ = {
			isa = XCBuildConfiguration;
			buildSettings = {
				ASSETCATALOG_COMPILER_APPICON_NAME = AppIcon;
				ASSETCATALOG_COMPILER_GLOBAL_ACCENT_COLOR_NAME = AccentColor;
				CODE_SIGN_STYLE = Automatic;
				CURRENT_PROJECT_VERSION = 1;
				GENERATE_INFOPLIST_FILE = YES;
				INFOPLIST_FILE = MyProfile/Info.plist;
				INFOPLIST_KEY_UIApplicationSupportsIndirectInputEvents = YES;
				INFOPLIST_KEY_UILaunchStoryboardName = LaunchScreen;
				INFOPLIST_KEY_UISupportedInterfaceOrientations_iPad = "UIInterfaceOrientationPortrait UIInterfaceOrientationPortraitUpsideDown UIInterfaceOrientationLandscapeLeft UIInterfaceOrientationLandscapeRight";
				INFOPLIST_KEY_UISupportedInterfaceOrientations_iPhone = "UIInterfaceOrientationPortrait UIInterfaceOrientationLandscapeLeft UIInterfaceOrientationLandscapeRight";
				LD_RUNPATH_SEARCH_PATHS = (
					"$(inherited)",
					"@executable_path/Frameworks",
				);
				MARKETING_VERSION = 1.0;
				PRODUCT_BUNDLE_IDENTIFIER = zero.MyProfile;
				PRODUCT_NAME = "$(TARGET_NAME)";
				SWIFT_EMIT_LOC_STRINGS = YES;
				SWIFT_VERSION = 5.0;
				TARGETED_DEVICE_FAMILY = "1,2";
			};
			name = Release;
		};
/* End XCBuildConfiguration section */

/* Begin XCConfigurationList section */
		EB69238E2AB9268F0027143D /* Build configuration list for PBXProject "MyProfile" */ = {
			isa = XCConfigurationList;
			buildConfigurations = (
				EB6923A82AB926910027143D /* Debug */,
				EB6923A92AB926910027143D /* Release */,
			);
			defaultConfigurationIsVisible = 0;
			defaultConfigurationName = Release;
		};
		EB6923AA2AB926910027143D /* Build configuration list for PBXNativeTarget "MyProfile" */ = {
			isa = XCConfigurationList;
			buildConfigurations = (
				EB6923AB2AB926910027143D /* Debug */,
				EB6923AC2AB926910027143D /* Release */,
			);
			defaultConfigurationIsVisible = 0;
			defaultConfigurationName = Release;
		};
/* End XCConfigurationList section */

/* Begin XCVersionGroup section */
		EB69239F2AB926900027143D /* MyProfile.xcdatamodeld */ = {
			isa = XCVersionGroup;
			children = (
				EB6923A02AB926900027143D /* MyProfile.xcdatamodel */,
			);
			currentVersion = EB6923A02AB926900027143D /* MyProfile.xcdatamodel */;
			path = MyProfile.xcdatamodeld;
			sourceTree = "<group>";
			versionGroupType = wrapper.xcdatamodel;
		};
/* End XCVersionGroup section */
	};
	rootObject = EB69238B2AB9268F0027143D /* Project object */;
}
